
Microsoft Visual Studio Solution File, Format Version 12.00
# Visual Studio Version 17
VisualStudioVersion = 17.5.33627.172
MinimumVisualStudioVersion = 10.0.40219.1
Project("{FAE04EC0-301F-11D3-BF4B-00C04F79EFBC}") = "ChatGptWebAzure", "ChatGptWebAzure\ChatGptWebAzure.csproj", "{D6905E66-3647-4EA8-8F25-01E79982D6E1}"
EndProject
Global
	GlobalSection(SolutionConfigurationPlatforms) = preSolution
		Debug|Any CPU = Debug|Any CPU
		Release|Any CPU = Release|Any CPU
	EndGlobalSection
	GlobalSection(ProjectConfigurationPlatforms) = postSolution
		{D6905E66-3647-4EA8-8F25-01E79982D6E1}.Debug|Any CPU.ActiveCfg = Debug|Any CPU
		{D6905E66-3647-4EA8-8F25-01E79982D6E1}.Debug|Any CPU.Build.0 = Debug|Any CPU
		{D6905E66-3647-4EA8-8F25-01E79982D6E1}.Release|Any CPU.ActiveCfg = Release|Any CPU
		{D6905E66-3647-4EA8-8F25-01E79982D6E1}.Release|Any CPU.Build.0 = Release|Any CPU
	EndGlobalSection
	GlobalSection(SolutionProperties) = preSolution
		HideSolutionNode = FALSE
	EndGlobalSection
	GlobalSection(ExtensibilityGlobals) = postSolution
		SolutionGuid = {FBAD2CDE-FAA1-45B5-AB70-43EE7E14DA68}
	EndGlobalSection
EndGlobal
